github.com/goodsign/monday v1.0.0 h1:Yyk/s/WgudMbAJN6UWSU5xAs8jtNewfqtVblAlw0yoc=
github.com/goodsign/monday v1.0.0/go.mod h1:r4T4breXpoFwspQNM+u2sLxJb2zyTaxVGqUfTBjWOu8=
github.com/gorilla/mux v1.8.0 h1:i40aqfkR1h2SlN9hojwV5ZA91wcXFOvkdNIeFDP5koI=
github.com/gorilla/mux v1.8.0/go.mod h1:DVbg23sWSpFRCP0SfiEN6jmj59UnW/n46BH5rLB71So=
